<?xml version="1.0" encoding="utf-8"?>
<Project ToolsVersion="4.0" xmlns="http://schemas.microsoft.com/developer/msbuild/2003">
  <ItemGroup>
    <Filter Include="소스 파일">
      <UniqueIdentifier>{4FC737F1-C7A5-4376-A066-2A32D752A2FF}</UniqueIdentifier>
      <Extensions>cpp;c;cc;cxx;def;odl;idl;hpj;bat;asm;asmx</Extensions>
    </Filter>
    <Filter Include="헤더 파일">
      <UniqueIdentifier>{93995380-89BD-4b04-88EB-625FBE52EBFB}</UniqueIdentifier>
      <Extensions>h;hh;hpp;hxx;hm;inl;inc;ipp;xsd</Extensions>
    </Filter>
    <Filter Include="리소스 파일">
      <UniqueIdentifier>{67DA6AB6-F800-4c08-8B7A-83BB121AAD01}</UniqueIdentifier>
      <Extensions>rc;ico;cur;bmp;dlg;rc2;rct;bin;rgs;gif;jpg;jpeg;jpe;resx;tiff;tif;png;wav;mfcribbon-ms</Extensions>
    </Filter>
    <Filter Include="2DGameFramework">
      <UniqueIdentifier>{2ee19535-a953-4eef-ad75-d9e30b26b349}</UniqueIdentifier>
    </Filter>
    <Filter Include="2DGameFramework\SingletonBase">
      <UniqueIdentifier>{71976e2a-20c6-4f27-b50f-5b7ec7fbdd1e}</UniqueIdentifier>
    </Filter>
    <Filter Include="playGround">
      <UniqueIdentifier>{07ed6059-248b-4fb2-8666-6b17c3978591}</UniqueIdentifier>
    </Filter>
    <Filter Include="2DGameFramework\Manager">
      <UniqueIdentifier>{12a1bdad-ebcf-45e6-b39a-e738f4dfc0e7}</UniqueIdentifier>
    </Filter>
    <Filter Include="2DGameFramework\image">
      <UniqueIdentifier>{caf0e1cc-ae3a-47e7-865a-91a0755607a5}</UniqueIdentifier>
    </Filter>
    <Filter Include="2DGameFramework\Utils">
      <UniqueIdentifier>{c962e91d-abcd-4709-8f30-f32302d8f874}</UniqueIdentifier>
    </Filter>
    <Filter Include="2DGameFramework\progressBar">
      <UniqueIdentifier>{d7d3bb39-5a49-4aa5-bb12-7e2c752bf39e}</UniqueIdentifier>
    </Filter>
    <Filter Include="2DGameFramework\txtData">
      <UniqueIdentifier>{276684f5-2360-447b-b759-86c487f54855}</UniqueIdentifier>
    </Filter>
    <Filter Include="2DGameFramework\timer">
      <UniqueIdentifier>{7638a757-93e6-4e15-a9f4-6dfaee8a20dd}</UniqueIdentifier>
    </Filter>
    <Filter Include="2DGameFramework\animation">
      <UniqueIdentifier>{069079e2-3f8c-4815-aa2f-ca7ea766fa86}</UniqueIdentifier>
    </Filter>
    <Filter Include="2DGameFramework\effect">
      <UniqueIdentifier>{30db4124-efb2-40b2-99a0-0ef52e46c48a}</UniqueIdentifier>
    </Filter>
    <Filter Include="2DGameFramework\button">
      <UniqueIdentifier>{3a0acedc-e823-40ff-b206-87b61c533603}</UniqueIdentifier>
    </Filter>
    <Filter Include="playGround\enemy">
      <UniqueIdentifier>{84d083b6-60cb-4f35-98ba-fc1aeefc2765}</UniqueIdentifier>
    </Filter>
    <Filter Include="playGround\player">
      <UniqueIdentifier>{f0e4e5e8-8d7f-4a9b-9d05-0d317681a0cd}</UniqueIdentifier>
    </Filter>
    <Filter Include="playGround\player\STATE">
      <UniqueIdentifier>{31895314-3907-4c1e-a676-b1b06cc1c8f9}</UniqueIdentifier>
    </Filter>
    <Filter Include="playGround\scene">
      <UniqueIdentifier>{c5741256-846d-496a-bc4c-0754a628af6e}</UniqueIdentifier>
    </Filter>
    <Filter Include="playGround\enemy\subclass">
      <UniqueIdentifier>{9b073b92-df2b-4849-a242-9b9c42a9c4a0}</UniqueIdentifier>
    </Filter>
    <Filter Include="playGround\item">
      <UniqueIdentifier>{b0c91aba-e3b6-4b38-aa07-35080043b329}</UniqueIdentifier>
    </Filter>
    <Filter Include="playGround\collision">
      <UniqueIdentifier>{f3e3f066-0c9f-46c2-896b-6d13234a2bf0}</UniqueIdentifier>
    </Filter>
    <Filter Include="playGround\stage">
      <UniqueIdentifier>{409d3477-2438-4e1d-9c26-8ad04a4e5600}</UniqueIdentifier>
    </Filter>
    <Filter Include="playGround\item\subclass">
      <UniqueIdentifier>{216eb060-ff3a-42e5-a528-ecd7b0346091}</UniqueIdentifier>
    </Filter>
    <Filter Include="playGround\stage\subclass">
      <UniqueIdentifier>{8f7f957c-d6f7-4725-bb87-07928fe2720b}</UniqueIdentifier>
    </Filter>
    <Filter Include="playGround\scene\mainScene">
      <UniqueIdentifier>{0380463a-eeff-47c4-aa80-20daee59a0f5}</UniqueIdentifier>
    </Filter>
  </ItemGroup>
  <ItemGroup>
    <ClInclude Include="stdafx.h">
      <Filter>헤더 파일</Filter>
    </ClInclude>
    <ClInclude Include="targetver.h">
      <Filter>헤더 파일</Filter>
    </ClInclude>
    <ClInclude Include="Resource.h">
      <Filter>헤더 파일</Filter>
    </ClInclude>
    <ClInclude Include="windowAPI.h">
      <Filter>헤더 파일</Filter>
    </ClInclude>
    <ClInclude Include="commonMacroFunction.h">
      <Filter>헤더 파일</Filter>
    </ClInclude>
    <ClInclude Include="singletonBase.h">
      <Filter>2DGameFramework\SingletonBase</Filter>
    </ClInclude>
    <ClInclude Include="randomFunction.h">
      <Filter>헤더 파일</Filter>
    </ClInclude>
    <ClInclude Include="gameNode.h">
      <Filter>2DGameFramework</Filter>
    </ClInclude>
    <ClInclude Include="playGround.h">
      <Filter>playGround</Filter>
    </ClInclude>
    <ClInclude Include="keyManager.h">
      <Filter>2DGameFramework\Manager</Filter>
    </ClInclude>
    <ClInclude Include="image.h">
      <Filter>2DGameFramework\image</Filter>
    </ClInclude>
    <ClInclude Include="utils.h">
      <Filter>2DGameFramework\Utils</Filter>
    </ClInclude>
    <ClInclude Include="imageManager.h">
      <Filter>2DGameFramework\Manager</Filter>
    </ClInclude>
    <ClInclude Include="progressBar.h">
      <Filter>2DGameFramework\progressBar</Filter>
    </ClInclude>
    <ClInclude Include="txtData.h">
      <Filter>2DGameFramework\txtData</Filter>
    </ClInclude>
    <ClInclude Include="timer.h">
      <Filter>2DGameFramework\timer</Filter>
    </ClInclude>
    <ClInclude Include="timeManager.h">
      <Filter>2DGameFramework\Manager</Filter>
    </ClInclude>
    <ClInclude Include="animation.h">
      <Filter>2DGameFramework\animation</Filter>
    </ClInclude>
    <ClInclude Include="effect.h">
      <Filter>2DGameFramework\effect</Filter>
    </ClInclude>
    <ClInclude Include="effectManager.h">
      <Filter>2DGameFramework\Manager</Filter>
    </ClInclude>
    <ClInclude Include="sceneManager.h">
      <Filter>2DGameFramework\Manager</Filter>
    </ClInclude>
    <ClInclude Include="soundManager.h">
      <Filter>2DGameFramework\Manager</Filter>
    </ClInclude>
    <ClInclude Include="button.h">
      <Filter>2DGameFramework\button</Filter>
    </ClInclude>
    <ClInclude Include="keyAniManager.h">
      <Filter>2DGameFramework\Manager</Filter>
    </ClInclude>
    <ClInclude Include="enemy.h">
      <Filter>playGround\enemy</Filter>
    </ClInclude>
    <ClInclude Include="enemyManager.h">
      <Filter>playGround\enemy</Filter>
    </ClInclude>
    <ClInclude Include="player.h">
      <Filter>playGround\player</Filter>
    </ClInclude>
    <ClInclude Include="Idle.h">
      <Filter>playGround\player\STATE</Filter>
    </ClInclude>
    <ClInclude Include="jump.h">
      <Filter>playGround\player\STATE</Filter>
    </ClInclude>
    <ClInclude Include="STATE.h">
      <Filter>playGround\player\STATE</Filter>
    </ClInclude>
    <ClInclude Include="walk.h">
      <Filter>playGround\player\STATE</Filter>
    </ClInclude>
    <ClInclude Include="run.h">
      <Filter>playGround\player\STATE</Filter>
    </ClInclude>
    <ClInclude Include="boss.h">
      <Filter>playGround\enemy\subclass</Filter>
    </ClInclude>
    <ClInclude Include="minion.h">
      <Filter>playGround\enemy\subclass</Filter>
    </ClInclude>
    <ClInclude Include="cameraManager.h">
      <Filter>2DGameFramework\Manager</Filter>
    </ClInclude>
    <ClInclude Include="collision.h">
      <Filter>playGround\collision</Filter>
    </ClInclude>
    <ClInclude Include="titleScene.h">
      <Filter>playGround\scene</Filter>
    </ClInclude>
    <ClInclude Include="endingScene.h">
      <Filter>playGround\scene</Filter>
    </ClInclude>
    <ClInclude Include="iniDataManager.h">
      <Filter>2DGameFramework\Manager</Filter>
    </ClInclude>
    <ClInclude Include="itemManager.h">
      <Filter>playGround\item</Filter>
    </ClInclude>
    <ClInclude Include="stageManager.h">
      <Filter>playGround\stage</Filter>
    </ClInclude>
    <ClInclude Include="object.h">
      <Filter>playGround\stage</Filter>
    </ClInclude>
    <ClInclude Include="item.h">
      <Filter>playGround\item</Filter>
    </ClInclude>
    <ClInclude Include="baseball.h">
      <Filter>playGround\item\subclass</Filter>
    </ClInclude>
    <ClInclude Include="bat.h">
      <Filter>playGround\item\subclass</Filter>
    </ClInclude>
    <ClInclude Include="chair.h">
      <Filter>playGround\stage\subclass</Filter>
    </ClInclude>
    <ClInclude Include="trashCan.h">
      <Filter>playGround\stage\subclass</Filter>
    </ClInclude>
    <ClInclude Include="mainScene.h">
      <Filter>playGround\scene\mainScene</Filter>
    </ClInclude>
    <ClInclude Include="videoScene.h">
      <Filter>playGround\scene</Filter>
    </ClInclude>
    <ClInclude Include="combo1.h">
      <Filter>playGround\player\STATE</Filter>
    </ClInclude>
    <ClInclude Include="attack.h">
      <Filter>playGround\player</Filter>
    </ClInclude>
    <ClInclude Include="bomb.h">
      <Filter>playGround\item\subclass</Filter>
    </ClInclude>
  </ItemGroup>
  <ItemGroup>
    <ClCompile Include="stdafx.cpp">
      <Filter>소스 파일</Filter>
    </ClCompile>
    <ClCompile Include="winMain.cpp">
      <Filter>소스 파일</Filter>
    </ClCompile>
    <ClCompile Include="gameNode.cpp">
      <Filter>2DGameFramework</Filter>
    </ClCompile>
    <ClCompile Include="playGround.cpp">
      <Filter>playGround</Filter>
    </ClCompile>
    <ClCompile Include="keyManager.cpp">
      <Filter>2DGameFramework\Manager</Filter>
    </ClCompile>
    <ClCompile Include="image.cpp">
      <Filter>2DGameFramework\image</Filter>
    </ClCompile>
    <ClCompile Include="utils.cpp">
      <Filter>2DGameFramework\Utils</Filter>
    </ClCompile>
    <ClCompile Include="imageManager.cpp">
      <Filter>2DGameFramework\Manager</Filter>
    </ClCompile>
    <ClCompile Include="progressBar.cpp">
      <Filter>2DGameFramework\progressBar</Filter>
    </ClCompile>
    <ClCompile Include="txtData.cpp">
      <Filter>2DGameFramework\txtData</Filter>
    </ClCompile>
    <ClCompile Include="timer.cpp">
      <Filter>2DGameFramework\timer</Filter>
    </ClCompile>
    <ClCompile Include="timeManager.cpp">
      <Filter>2DGameFramework\Manager</Filter>
    </ClCompile>
    <ClCompile Include="animation.cpp">
      <Filter>2DGameFramework\animation</Filter>
    </ClCompile>
    <ClCompile Include="effect.cpp">
      <Filter>2DGameFramework\effect</Filter>
    </ClCompile>
    <ClCompile Include="effectManager.cpp">
      <Filter>2DGameFramework\Manager</Filter>
    </ClCompile>
    <ClCompile Include="sceneManager.cpp">
      <Filter>2DGameFramework\Manager</Filter>
    </ClCompile>
    <ClCompile Include="soundManager.cpp">
      <Filter>2DGameFramework\Manager</Filter>
    </ClCompile>
    <ClCompile Include="button.cpp">
      <Filter>2DGameFramework\button</Filter>
    </ClCompile>
    <ClCompile Include="keyAniManager.cpp">
      <Filter>2DGameFramework\Manager</Filter>
    </ClCompile>
    <ClCompile Include="enemy.cpp">
      <Filter>playGround\enemy</Filter>
    </ClCompile>
    <ClCompile Include="enemyManager.cpp">
      <Filter>playGround\enemy</Filter>
    </ClCompile>
    <ClCompile Include="player.cpp">
      <Filter>playGround\player</Filter>
    </ClCompile>
    <ClCompile Include="Idle.cpp">
      <Filter>playGround\player\STATE</Filter>
    </ClCompile>
    <ClCompile Include="jump.cpp">
      <Filter>playGround\player\STATE</Filter>
    </ClCompile>
    <ClCompile Include="STATE.cpp">
      <Filter>playGround\player\STATE</Filter>
    </ClCompile>
    <ClCompile Include="walk.cpp">
      <Filter>playGround\player\STATE</Filter>
    </ClCompile>
    <ClCompile Include="run.cpp">
      <Filter>playGround\player\STATE</Filter>
    </ClCompile>
    <ClCompile Include="boss.cpp">
      <Filter>playGround\enemy\subclass</Filter>
    </ClCompile>
    <ClCompile Include="minion.cpp">
      <Filter>playGround\enemy\subclass</Filter>
    </ClCompile>
    <ClCompile Include="cameraManager.cpp">
      <Filter>2DGameFramework\Manager</Filter>
    </ClCompile>
    <ClCompile Include="collision.cpp">
      <Filter>playGround\collision</Filter>
    </ClCompile>
    <ClCompile Include="titleScene.cpp">
      <Filter>playGround\scene</Filter>
    </ClCompile>
    <ClCompile Include="endingScene.cpp">
      <Filter>playGround\scene</Filter>
    </ClCompile>
    <ClCompile Include="iniDataManager.cpp">
      <Filter>2DGameFramework\Manager</Filter>
    </ClCompile>
    <ClCompile Include="collision+yoongho.cpp">
      <Filter>playGround\collision</Filter>
    </ClCompile>
    <ClCompile Include="collision+chanho.cpp">
      <Filter>playGround\collision</Filter>
    </ClCompile>
    <ClCompile Include="itemManager.cpp">
      <Filter>playGround\item</Filter>
    </ClCompile>
    <ClCompile Include="collision+younghan.cpp">
      <Filter>playGround\collision</Filter>
    </ClCompile>
    <ClCompile Include="collision+hyunjeong.cpp">
      <Filter>playGround\collision</Filter>
    </ClCompile>
    <ClCompile Include="collision+deokho.cpp">
      <Filter>playGround\collision</Filter>
    </ClCompile>
    <ClCompile Include="stageManager.cpp">
      <Filter>playGround\stage</Filter>
    </ClCompile>
    <ClCompile Include="object.cpp">
      <Filter>playGround\stage</Filter>
    </ClCompile>
    <ClCompile Include="item.cpp">
      <Filter>playGround\item</Filter>
    </ClCompile>
    <ClCompile Include="baseball.cpp">
      <Filter>playGround\item\subclass</Filter>
    </ClCompile>
    <ClCompile Include="bat.cpp">
      <Filter>playGround\item\subclass</Filter>
    </ClCompile>
    <ClCompile Include="chair.cpp">
      <Filter>playGround\stage\subclass</Filter>
    </ClCompile>
    <ClCompile Include="trashCan.cpp">
      <Filter>playGround\stage\subclass</Filter>
    </ClCompile>
    <ClCompile Include="mainScene.cpp">
      <Filter>playGround\scene\mainScene</Filter>
    </ClCompile>
    <ClCompile Include="mainScene+cameraControl.cpp">
      <Filter>playGround\scene\mainScene</Filter>
    </ClCompile>
    <ClCompile Include="videoScene.cpp">
      <Filter>playGround\scene</Filter>
    </ClCompile>
    <ClCompile Include="imageInit+chanho.cpp">
      <Filter>playGround</Filter>
    </ClCompile>
    <ClCompile Include="imageInit+deokho.cpp">
      <Filter>playGround</Filter>
    </ClCompile>
    <ClCompile Include="imageInit+hyunjeong.cpp">
      <Filter>playGround</Filter>
    </ClCompile>
    <ClCompile Include="imageInit+younghan.cpp">
      <Filter>playGround</Filter>
    </ClCompile>
    <ClCompile Include="imageInit+yoongho.cpp">
      <Filter>playGround</Filter>
    </ClCompile>
    <ClCompile Include="mainScene+renderFunctions.cpp">
      <Filter>playGround\scene\mainScene</Filter>
    </ClCompile>
    <ClCompile Include="combo1.cpp">
      <Filter>playGround\player\STATE</Filter>
    </ClCompile>
    <ClCompile Include="attack.cpp">
      <Filter>playGround\player</Filter>
    </ClCompile>
    <ClCompile Include="bomb.cpp">
      <Filter>playGround\item\subclass</Filter>
    </ClCompile>
  </ItemGroup>
  <ItemGroup>
    <ResourceCompile Include="windowAPI.rc">
      <Filter>리소스 파일</Filter>
    </ResourceCompile>
  </ItemGroup>
  <ItemGroup>
    <Image Include="small.ico">
      <Filter>리소스 파일</Filter>
    </Image>
    <Image Include="windowAPI.ico">
      <Filter>리소스 파일</Filter>
    </Image>
  </ItemGroup>
</Project>